PODS:
  - demo_app (0.0.0):
    - MapLibre (= 6.12.3)
  - MapLibre (6.12.3)

DEPENDENCIES:
  - demo_app (from `../demo-app`)

SPEC REPOS:
  trunk:
    - MapLibre

EXTERNAL SOURCES:
  demo_app:
    :path: "../demo-app"

SPEC CHECKSUMS:
  demo_app: 5c043a71046dc83ceb8a22a68198f560aa275d4a
  MapLibre: 7f9542ca26ebc5ada250b30e4d72394737073379

PODFILE CHECKSUM: faffe0b5720ea7a96818a908bd93100321d4e51f

COCOAPODS: 1.16.2
